// !$*UTF8*$!
{
	archiveVersion = 1;
	classes = {
	};
	objectVersion = 51;
	objects = {

/* Begin PBXBuildFile section */
		1FAB5367238DC10500C19B1F /* Alert.swift in Sources */ = {isa = PBXBuildFile; fileRef = 1FAB5366238DC10500C19B1F /* Alert.swift */; };
		1FAC8A3B23787E7F008F9D4F /* MapsDataProvider.swift in Sources */ = {isa = PBXBuildFile; fileRef = 1FAC8A3A23787E7F008F9D4F /* MapsDataProvider.swift */; };
		1FAC8A3F2378D8F0008F9D4F /* MapsController.swift in Sources */ = {isa = PBXBuildFile; fileRef = 1FAC8A3E2378D8F0008F9D4F /* MapsController.swift */; };
		1FAC8A412379A9C7008F9D4F /* MapsLocals.swift in Sources */ = {isa = PBXBuildFile; fileRef = 1FAC8A402379A9C7008F9D4F /* MapsLocals.swift */; };
		1FDE34FD239C0BDE0043D546 /* EsqueceuSenhaController.swift in Sources */ = {isa = PBXBuildFile; fileRef = 1FDE34FC239C0BDE0043D546 /* EsqueceuSenhaController.swift */; };
		1FDE3500239D50FD0043D546 /* UserDefaultsExtension.swift in Sources */ = {isa = PBXBuildFile; fileRef = 1FDE34FF239D50FD0043D546 /* UserDefaultsExtension.swift */; };
		4F90ABA12361348500DC0941 /* HomeViewController.swift in Sources */ = {isa = PBXBuildFile; fileRef = 4F90ABA02361348500DC0941 /* HomeViewController.swift */; };
		4F90ABA9236134A200DC0941 /* DadosMedicoTableViewCell.xib in Resources */ = {isa = PBXBuildFile; fileRef = 4F90ABA2236134A100DC0941 /* DadosMedicoTableViewCell.xib */; };
		4F90ABAA236134A200DC0941 /* PessoaCollectionViewCell.swift in Sources */ = {isa = PBXBuildFile; fileRef = 4F90ABA3236134A100DC0941 /* PessoaCollectionViewCell.swift */; };
		4F90ABAB236134A200DC0941 /* StatusCustomCell.swift in Sources */ = {isa = PBXBuildFile; fileRef = 4F90ABA4236134A100DC0941 /* StatusCustomCell.swift */; };
		4F90ABAC236134A200DC0941 /* DadosMedicoTableViewCell.swift in Sources */ = {isa = PBXBuildFile; fileRef = 4F90ABA5236134A100DC0941 /* DadosMedicoTableViewCell.swift */; };
		4F90ABAD236134A200DC0941 /* StatusCustomCell.xib in Resources */ = {isa = PBXBuildFile; fileRef = 4F90ABA6236134A100DC0941 /* StatusCustomCell.xib */; };
		4F90ABB5236134B900DC0941 /* Vacina.swift in Sources */ = {isa = PBXBuildFile; fileRef = 4F90ABB1236134B900DC0941 /* Vacina.swift */; };
		4F90ABB7236134B900DC0941 /* Pessoa.swift in Sources */ = {isa = PBXBuildFile; fileRef = 4F90ABB3236134B900DC0941 /* Pessoa.swift */; };
		4F90ABBB236134D700DC0941 /* HomeController.swift in Sources */ = {isa = PBXBuildFile; fileRef = 4F90ABB9236134D700DC0941 /* HomeController.swift */; };
		4F90ABBD2361356600DC0941 /* ProfileController.swift in Sources */ = {isa = PBXBuildFile; fileRef = 4F90ABBC2361356600DC0941 /* ProfileController.swift */; };
		4F90ABBF2361359700DC0941 /* ProfileViewController.swift in Sources */ = {isa = PBXBuildFile; fileRef = 4F90ABBE2361359700DC0941 /* ProfileViewController.swift */; };
		4F90ABC22361359F00DC0941 /* CadastroVacinaCustomCell.swift in Sources */ = {isa = PBXBuildFile; fileRef = 4F90ABC02361359F00DC0941 /* CadastroVacinaCustomCell.swift */; };
		4F90ABC32361359F00DC0941 /* CadastroVacinaCustomCell.xib in Resources */ = {isa = PBXBuildFile; fileRef = 4F90ABC12361359F00DC0941 /* CadastroVacinaCustomCell.xib */; };
		4F90ABC52361365000DC0941 /* Home.storyboard in Resources */ = {isa = PBXBuildFile; fileRef = 4F90ABC42361365000DC0941 /* Home.storyboard */; };
		8C0DBBE85E60F02E89467D6A /* Pods_iVacina.framework in Frameworks */ = {isa = PBXBuildFile; fileRef = 02481286E08E332928A0808E /* Pods_iVacina.framework */; };
		BC010CCB239F0F7600FE7966 /* NavigationViewController.swift in Sources */ = {isa = PBXBuildFile; fileRef = BC010CCA239F0F7600FE7966 /* NavigationViewController.swift */; };
		BC12EE85237B748E00B6A691 /* BaseViewController.swift in Sources */ = {isa = PBXBuildFile; fileRef = BC12EE84237B748E00B6A691 /* BaseViewController.swift */; };
		BC12EE8B237B74EA00B6A691 /* News2TableViewCell.swift in Sources */ = {isa = PBXBuildFile; fileRef = BC12EE87237B74EA00B6A691 /* News2TableViewCell.swift */; };
		BC12EE8C237B74EA00B6A691 /* NewsTableViewCell.swift in Sources */ = {isa = PBXBuildFile; fileRef = BC12EE88237B74EA00B6A691 /* NewsTableViewCell.swift */; };
		BC1AF971239B169900D027F5 /* PersonCollectionViewCell.swift in Sources */ = {isa = PBXBuildFile; fileRef = BC1AF96F239B169900D027F5 /* PersonCollectionViewCell.swift */; };
		BC1AF972239B169900D027F5 /* PersonCollectionViewCell.xib in Resources */ = {isa = PBXBuildFile; fileRef = BC1AF970239B169900D027F5 /* PersonCollectionViewCell.xib */; };
		BC4DAFF22335794700AEC6F7 /* AppDelegate.swift in Sources */ = {isa = PBXBuildFile; fileRef = BC4DAFF12335794700AEC6F7 /* AppDelegate.swift */; };
		BC4DAFF72335794700AEC6F7 /* Main.storyboard in Resources */ = {isa = PBXBuildFile; fileRef = BC4DAFF52335794700AEC6F7 /* Main.storyboard */; };
		BC4DAFF92335794800AEC6F7 /* Assets.xcassets in Resources */ = {isa = PBXBuildFile; fileRef = BC4DAFF82335794800AEC6F7 /* Assets.xcassets */; };
		BC4DAFFC2335794800AEC6F7 /* LaunchScreen.storyboard in Resources */ = {isa = PBXBuildFile; fileRef = BC4DAFFA2335794800AEC6F7 /* LaunchScreen.storyboard */; };
		BC4FB652235F610600961466 /* Profile.storyboard in Resources */ = {isa = PBXBuildFile; fileRef = BC4FB651235F610600961466 /* Profile.storyboard */; };
		BC5365B62391BDD6001F9822 /* OptionTableViewCell.swift in Sources */ = {isa = PBXBuildFile; fileRef = BC5365B42391BDD6001F9822 /* OptionTableViewCell.swift */; };
		BC5365B72391BDD6001F9822 /* OptionTableViewCell.xib in Resources */ = {isa = PBXBuildFile; fileRef = BC5365B52391BDD6001F9822 /* OptionTableViewCell.xib */; };
		BC571725235922D900E60909 /* NewsDataProvider.swift in Sources */ = {isa = PBXBuildFile; fileRef = BC571724235922D900E60909 /* NewsDataProvider.swift */; };
		BC5717272359236400E60909 /* Extensions.swift in Sources */ = {isa = PBXBuildFile; fileRef = BC5717262359236400E60909 /* Extensions.swift */; };
		BC57172D23593E8300E60909 /* NewsController.swift in Sources */ = {isa = PBXBuildFile; fileRef = BC57172C23593E8300E60909 /* NewsController.swift */; };
		BC66A85623930AC000DE5457 /* GruposViewController.swift in Sources */ = {isa = PBXBuildFile; fileRef = BC66A85523930AC000DE5457 /* GruposViewController.swift */; };
		BC66A85823930AD900DE5457 /* TipoSanguineoViewController.swift in Sources */ = {isa = PBXBuildFile; fileRef = BC66A85723930AD900DE5457 /* TipoSanguineoViewController.swift */; };
		BC82FE35238C59620091327D /* ManageProfilesViewController.swift in Sources */ = {isa = PBXBuildFile; fileRef = BC82FE34238C59620091327D /* ManageProfilesViewController.swift */; };
		BC82FE37238DD36B0091327D /* TipoVacinasStrings.swift in Sources */ = {isa = PBXBuildFile; fileRef = BC82FE36238DD36B0091327D /* TipoVacinasStrings.swift */; };
		BC82FE3F238F4F020091327D /* LoginController.swift in Sources */ = {isa = PBXBuildFile; fileRef = BC82FE3E238F4F010091327D /* LoginController.swift */; };
		BC82FE41238F4F250091327D /* CadastroController.swift in Sources */ = {isa = PBXBuildFile; fileRef = BC82FE40238F4F250091327D /* CadastroController.swift */; };
		BC82FE46238F59C10091327D /* HomeDataProvider.swift in Sources */ = {isa = PBXBuildFile; fileRef = BC82FE45238F59C10091327D /* HomeDataProvider.swift */; };
		BC82FE48238F59D00091327D /* ProfileDataProvider.swift in Sources */ = {isa = PBXBuildFile; fileRef = BC82FE47238F59D00091327D /* ProfileDataProvider.swift */; };
		BC82FE4A238F5AE80091327D /* MainViewController.swift in Sources */ = {isa = PBXBuildFile; fileRef = BC82FE49238F5AE80091327D /* MainViewController.swift */; };
		BCA32525237C7D8000151E44 /* News.storyboard in Resources */ = {isa = PBXBuildFile; fileRef = BCEA0A6E235E95D600C33D1E /* News.storyboard */; };
		BCA32527237C80BB00151E44 /* NewsTableViewCell.xib in Resources */ = {isa = PBXBuildFile; fileRef = BC12EE86237B74EA00B6A691 /* NewsTableViewCell.xib */; };
		BCA32529237C80BB00151E44 /* News2TableViewCell.xib in Resources */ = {isa = PBXBuildFile; fileRef = BC12EE89237B74EA00B6A691 /* News2TableViewCell.xib */; };
		BCA3252C237C823300151E44 /* loading1.json in Resources */ = {isa = PBXBuildFile; fileRef = BCA3252B237C823300151E44 /* loading1.json */; };
		BCDE13402361241B006F6657 /* EsqueceuSenhaViewController.swift in Sources */ = {isa = PBXBuildFile; fileRef = BCDE133C2361241B006F6657 /* EsqueceuSenhaViewController.swift */; };
		BCDE13412361241B006F6657 /* Login.storyboard in Resources */ = {isa = PBXBuildFile; fileRef = BCDE133D2361241B006F6657 /* Login.storyboard */; };
		BCDE13422361241B006F6657 /* CadastroViewController.swift in Sources */ = {isa = PBXBuildFile; fileRef = BCDE133E2361241B006F6657 /* CadastroViewController.swift */; };
		BCDE13432361241B006F6657 /* LoginViewController.swift in Sources */ = {isa = PBXBuildFile; fileRef = BCDE133F2361241B006F6657 /* LoginViewController.swift */; };
		BCDE13462361249F006F6657 /* MapsViewController.swift in Sources */ = {isa = PBXBuildFile; fileRef = BCDE13442361249F006F6657 /* MapsViewController.swift */; };
		BCDE13472361249F006F6657 /* Maps.storyboard in Resources */ = {isa = PBXBuildFile; fileRef = BCDE13452361249F006F6657 /* Maps.storyboard */; };
		BCDE134923612516006F6657 /* Colors.swift in Sources */ = {isa = PBXBuildFile; fileRef = BCDE134823612516006F6657 /* Colors.swift */; };
		BCDE134B236125C9006F6657 /* MapKit.framework in Frameworks */ = {isa = PBXBuildFile; fileRef = BCDE134A236125C9006F6657 /* MapKit.framework */; };
		BCDE473D23551AB0004F565A /* NewsViewController.swift in Sources */ = {isa = PBXBuildFile; fileRef = BCDE473C23551AB0004F565A /* NewsViewController.swift */; };
		BCDE473F23551AD5004F565A /* News.swift in Sources */ = {isa = PBXBuildFile; fileRef = BCDE473E23551AD5004F565A /* News.swift */; };
		BCDE474623551CC3004F565A /* DetailsOfNewsViewController.swift in Sources */ = {isa = PBXBuildFile; fileRef = BCDE474523551CC3004F565A /* DetailsOfNewsViewController.swift */; };
		BCFC76A4238377AD00AED3E6 /* GoogleService-Info.plist in Resources */ = {isa = PBXBuildFile; fileRef = BCFC76A3238377AD00AED3E6 /* GoogleService-Info.plist */; };
/* End PBXBuildFile section */

/* Begin PBXFileReference section */
		02481286E08E332928A0808E /* Pods_iVacina.framework */ = {isa = PBXFileReference; explicitFileType = wrapper.framework; includeInIndex = 0; path = Pods_iVacina.framework; sourceTree = BUILT_PRODUCTS_DIR; };
		1FAB5366238DC10500C19B1F /* Alert.swift */ = {isa = PBXFileReference; lastKnownFileType = sourcecode.swift; path = Alert.swift; sourceTree = "<group>"; };
		1FAC8A3A23787E7F008F9D4F /* MapsDataProvider.swift */ = {isa = PBXFileReference; lastKnownFileType = sourcecode.swift; path = MapsDataProvider.swift; sourceTree = "<group>"; };
		1FAC8A3E2378D8F0008F9D4F /* MapsController.swift */ = {isa = PBXFileReference; lastKnownFileType = sourcecode.swift; path = MapsController.swift; sourceTree = "<group>"; };
		1FAC8A402379A9C7008F9D4F /* MapsLocals.swift */ = {isa = PBXFileReference; lastKnownFileType = sourcecode.swift; path = MapsLocals.swift; sourceTree = "<group>"; };
		1FDE34FC239C0BDE0043D546 /* EsqueceuSenhaController.swift */ = {isa = PBXFileReference; lastKnownFileType = sourcecode.swift; path = EsqueceuSenhaController.swift; sourceTree = "<group>"; };
		1FDE34FF239D50FD0043D546 /* UserDefaultsExtension.swift */ = {isa = PBXFileReference; lastKnownFileType = sourcecode.swift; path = UserDefaultsExtension.swift; sourceTree = "<group>"; };
		43389CBB95FE7534C77A42C9 /* Pods-iVacina.debug.xcconfig */ = {isa = PBXFileReference; includeInIndex = 1; lastKnownFileType = text.xcconfig; name = "Pods-iVacina.debug.xcconfig"; path = "Target Support Files/Pods-iVacina/Pods-iVacina.debug.xcconfig"; sourceTree = "<group>"; };
		4F90ABA02361348500DC0941 /* HomeViewController.swift */ = {isa = PBXFileReference; fileEncoding = 4; lastKnownFileType = sourcecode.swift; path = HomeViewController.swift; sourceTree = "<group>"; };
		4F90ABA2236134A100DC0941 /* DadosMedicoTableViewCell.xib */ = {isa = PBXFileReference; fileEncoding = 4; lastKnownFileType = file.xib; path = DadosMedicoTableViewCell.xib; sourceTree = "<group>"; };
		4F90ABA3236134A100DC0941 /* PessoaCollectionViewCell.swift */ = {isa = PBXFileReference; fileEncoding = 4; lastKnownFileType = sourcecode.swift; path = PessoaCollectionViewCell.swift; sourceTree = "<group>"; };
		4F90ABA4236134A100DC0941 /* StatusCustomCell.swift */ = {isa = PBXFileReference; fileEncoding = 4; lastKnownFileType = sourcecode.swift; path = StatusCustomCell.swift; sourceTree = "<group>"; };
		4F90ABA5236134A100DC0941 /* DadosMedicoTableViewCell.swift */ = {isa = PBXFileReference; fileEncoding = 4; lastKnownFileType = sourcecode.swift; path = DadosMedicoTableViewCell.swift; sourceTree = "<group>"; };
		4F90ABA6236134A100DC0941 /* StatusCustomCell.xib */ = {isa = PBXFileReference; fileEncoding = 4; lastKnownFileType = file.xib; path = StatusCustomCell.xib; sourceTree = "<group>"; };
		4F90ABB1236134B900DC0941 /* Vacina.swift */ = {isa = PBXFileReference; fileEncoding = 4; lastKnownFileType = sourcecode.swift; path = Vacina.swift; sourceTree = "<group>"; };
		4F90ABB3236134B900DC0941 /* Pessoa.swift */ = {isa = PBXFileReference; fileEncoding = 4; lastKnownFileType = sourcecode.swift; path = Pessoa.swift; sourceTree = "<group>"; };
		4F90ABB9236134D700DC0941 /* HomeController.swift */ = {isa = PBXFileReference; fileEncoding = 4; lastKnownFileType = sourcecode.swift; path = HomeController.swift; sourceTree = "<group>"; };
		4F90ABBC2361356600DC0941 /* ProfileController.swift */ = {isa = PBXFileReference; fileEncoding = 4; lastKnownFileType = sourcecode.swift; path = ProfileController.swift; sourceTree = "<group>"; };
		4F90ABBE2361359700DC0941 /* ProfileViewController.swift */ = {isa = PBXFileReference; fileEncoding = 4; lastKnownFileType = sourcecode.swift; path = ProfileViewController.swift; sourceTree = "<group>"; };
		4F90ABC02361359F00DC0941 /* CadastroVacinaCustomCell.swift */ = {isa = PBXFileReference; fileEncoding = 4; lastKnownFileType = sourcecode.swift; path = CadastroVacinaCustomCell.swift; sourceTree = "<group>"; };
		4F90ABC12361359F00DC0941 /* CadastroVacinaCustomCell.xib */ = {isa = PBXFileReference; fileEncoding = 4; lastKnownFileType = file.xib; path = CadastroVacinaCustomCell.xib; sourceTree = "<group>"; };
		4F90ABC42361365000DC0941 /* Home.storyboard */ = {isa = PBXFileReference; fileEncoding = 4; lastKnownFileType = file.storyboard; path = Home.storyboard; sourceTree = "<group>"; };
		64D747EB49D9DAFB5069AC85 /* Pods-iVacina.release.xcconfig */ = {isa = PBXFileReference; includeInIndex = 1; lastKnownFileType = text.xcconfig; name = "Pods-iVacina.release.xcconfig"; path = "Target Support Files/Pods-iVacina/Pods-iVacina.release.xcconfig"; sourceTree = "<group>"; };
		BC010CCA239F0F7600FE7966 /* NavigationViewController.swift */ = {isa = PBXFileReference; lastKnownFileType = sourcecode.swift; path = NavigationViewController.swift; sourceTree = "<group>"; };
		BC12EE84237B748E00B6A691 /* BaseViewController.swift */ = {isa = PBXFileReference; fileEncoding = 4; lastKnownFileType = sourcecode.swift; path = BaseViewController.swift; sourceTree = "<group>"; };
		BC12EE86237B74EA00B6A691 /* NewsTableViewCell.xib */ = {isa = PBXFileReference; fileEncoding = 4; lastKnownFileType = file.xib; path = NewsTableViewCell.xib; sourceTree = "<group>"; };
		BC12EE87237B74EA00B6A691 /* News2TableViewCell.swift */ = {isa = PBXFileReference; fileEncoding = 4; lastKnownFileType = sourcecode.swift; path = News2TableViewCell.swift; sourceTree = "<group>"; };
		BC12EE88237B74EA00B6A691 /* NewsTableViewCell.swift */ = {isa = PBXFileReference; fileEncoding = 4; lastKnownFileType = sourcecode.swift; path = NewsTableViewCell.swift; sourceTree = "<group>"; };
		BC12EE89237B74EA00B6A691 /* News2TableViewCell.xib */ = {isa = PBXFileReference; fileEncoding = 4; lastKnownFileType = file.xib; path = News2TableViewCell.xib; sourceTree = "<group>"; };
		BC1AF96F239B169900D027F5 /* PersonCollectionViewCell.swift */ = {isa = PBXFileReference; lastKnownFileType = sourcecode.swift; path = PersonCollectionViewCell.swift; sourceTree = "<group>"; };
		BC1AF970239B169900D027F5 /* PersonCollectionViewCell.xib */ = {isa = PBXFileReference; lastKnownFileType = file.xib; path = PersonCollectionViewCell.xib; sourceTree = "<group>"; };
		BC4DAFEE2335794600AEC6F7 /* iVacina.app */ = {isa = PBXFileReference; explicitFileType = wrapper.application; includeInIndex = 0; path = iVacina.app; sourceTree = BUILT_PRODUCTS_DIR; };
		BC4DAFF12335794700AEC6F7 /* AppDelegate.swift */ = {isa = PBXFileReference; lastKnownFileType = sourcecode.swift; path = AppDelegate.swift; sourceTree = "<group>"; };
		BC4DAFF62335794700AEC6F7 /* Base */ = {isa = PBXFileReference; lastKnownFileType = file.storyboard; name = Base; path = Base.lproj/Main.storyboard; sourceTree = "<group>"; };
		BC4DAFF82335794800AEC6F7 /* Assets.xcassets */ = {isa = PBXFileReference; lastKnownFileType = folder.assetcatalog; path = Assets.xcassets; sourceTree = "<group>"; };
		BC4DAFFB2335794800AEC6F7 /* Base */ = {isa = PBXFileReference; lastKnownFileType = file.storyboard; name = Base; path = Base.lproj/LaunchScreen.storyboard; sourceTree = "<group>"; };
		BC4FB651235F610600961466 /* Profile.storyboard */ = {isa = PBXFileReference; lastKnownFileType = file.storyboard; path = Profile.storyboard; sourceTree = "<group>"; };
		BC5365B42391BDD6001F9822 /* OptionTableViewCell.swift */ = {isa = PBXFileReference; lastKnownFileType = sourcecode.swift; path = OptionTableViewCell.swift; sourceTree = "<group>"; };
		BC5365B52391BDD6001F9822 /* OptionTableViewCell.xib */ = {isa = PBXFileReference; lastKnownFileType = file.xib; path = OptionTableViewCell.xib; sourceTree = "<group>"; };
		BC571724235922D900E60909 /* NewsDataProvider.swift */ = {isa = PBXFileReference; lastKnownFileType = sourcecode.swift; path = NewsDataProvider.swift; sourceTree = "<group>"; };
		BC5717262359236400E60909 /* Extensions.swift */ = {isa = PBXFileReference; lastKnownFileType = sourcecode.swift; path = Extensions.swift; sourceTree = "<group>"; };
		BC57172C23593E8300E60909 /* NewsController.swift */ = {isa = PBXFileReference; lastKnownFileType = sourcecode.swift; path = NewsController.swift; sourceTree = "<group>"; };
		BC66A85523930AC000DE5457 /* GruposViewController.swift */ = {isa = PBXFileReference; lastKnownFileType = sourcecode.swift; path = GruposViewController.swift; sourceTree = "<group>"; };
		BC66A85723930AD900DE5457 /* TipoSanguineoViewController.swift */ = {isa = PBXFileReference; lastKnownFileType = sourcecode.swift; path = TipoSanguineoViewController.swift; sourceTree = "<group>"; };
		BC82FE34238C59620091327D /* ManageProfilesViewController.swift */ = {isa = PBXFileReference; lastKnownFileType = sourcecode.swift; path = ManageProfilesViewController.swift; sourceTree = "<group>"; };
		BC82FE36238DD36B0091327D /* TipoVacinasStrings.swift */ = {isa = PBXFileReference; lastKnownFileType = sourcecode.swift; path = TipoVacinasStrings.swift; sourceTree = "<group>"; };
		BC82FE3E238F4F010091327D /* LoginController.swift */ = {isa = PBXFileReference; lastKnownFileType = sourcecode.swift; path = LoginController.swift; sourceTree = "<group>"; };
		BC82FE40238F4F250091327D /* CadastroController.swift */ = {isa = PBXFileReference; lastKnownFileType = sourcecode.swift; path = CadastroController.swift; sourceTree = "<group>"; };
		BC82FE45238F59C10091327D /* HomeDataProvider.swift */ = {isa = PBXFileReference; lastKnownFileType = sourcecode.swift; path = HomeDataProvider.swift; sourceTree = "<group>"; };
		BC82FE47238F59D00091327D /* ProfileDataProvider.swift */ = {isa = PBXFileReference; lastKnownFileType = sourcecode.swift; path = ProfileDataProvider.swift; sourceTree = "<group>"; };
		BC82FE49238F5AE80091327D /* MainViewController.swift */ = {isa = PBXFileReference; lastKnownFileType = sourcecode.swift; path = MainViewController.swift; sourceTree = "<group>"; };
		BCA3252B237C823300151E44 /* loading1.json */ = {isa = PBXFileReference; fileEncoding = 4; lastKnownFileType = text.json; path = loading1.json; sourceTree = "<group>"; };
		BCDE133C2361241B006F6657 /* EsqueceuSenhaViewController.swift */ = {isa = PBXFileReference; fileEncoding = 4; lastKnownFileType = sourcecode.swift; path = EsqueceuSenhaViewController.swift; sourceTree = "<group>"; };
		BCDE133D2361241B006F6657 /* Login.storyboard */ = {isa = PBXFileReference; fileEncoding = 4; lastKnownFileType = file.storyboard; path = Login.storyboard; sourceTree = "<group>"; };
		BCDE133E2361241B006F6657 /* CadastroViewController.swift */ = {isa = PBXFileReference; fileEncoding = 4; lastKnownFileType = sourcecode.swift; path = CadastroViewController.swift; sourceTree = "<group>"; };
		BCDE133F2361241B006F6657 /* LoginViewController.swift */ = {isa = PBXFileReference; fileEncoding = 4; lastKnownFileType = sourcecode.swift; path = LoginViewController.swift; sourceTree = "<group>"; };
		BCDE13442361249F006F6657 /* MapsViewController.swift */ = {isa = PBXFileReference; fileEncoding = 4; lastKnownFileType = sourcecode.swift; path = MapsViewController.swift; sourceTree = "<group>"; };
		BCDE13452361249F006F6657 /* Maps.storyboard */ = {isa = PBXFileReference; fileEncoding = 4; lastKnownFileType = file.storyboard; path = Maps.storyboard; sourceTree = "<group>"; };
		BCDE134823612516006F6657 /* Colors.swift */ = {isa = PBXFileReference; fileEncoding = 4; lastKnownFileType = sourcecode.swift; path = Colors.swift; sourceTree = "<group>"; };
		BCDE134A236125C9006F6657 /* MapKit.framework */ = {isa = PBXFileReference; lastKnownFileType = wrapper.framework; name = MapKit.framework; path = System/Library/Frameworks/MapKit.framework; sourceTree = SDKROOT; };
		BCDE473C23551AB0004F565A /* NewsViewController.swift */ = {isa = PBXFileReference; lastKnownFileType = sourcecode.swift; path = NewsViewController.swift; sourceTree = "<group>"; };
		BCDE473E23551AD5004F565A /* News.swift */ = {isa = PBXFileReference; lastKnownFileType = sourcecode.swift; path = News.swift; sourceTree = "<group>"; };
		BCDE474523551CC3004F565A /* DetailsOfNewsViewController.swift */ = {isa = PBXFileReference; lastKnownFileType = sourcecode.swift; path = DetailsOfNewsViewController.swift; sourceTree = "<group>"; };
		BCEA0A3D235E160300C33D1E /* Info.plist */ = {isa = PBXFileReference; fileEncoding = 4; lastKnownFileType = text.plist.xml; name = Info.plist; path = iVacina/Info.plist; sourceTree = "<group>"; };
		BCEA0A6E235E95D600C33D1E /* News.storyboard */ = {isa = PBXFileReference; lastKnownFileType = file.storyboard; path = News.storyboard; sourceTree = "<group>"; };
		BCFC76A3238377AD00AED3E6 /* GoogleService-Info.plist */ = {isa = PBXFileReference; fileEncoding = 4; lastKnownFileType = text.plist.xml; path = "GoogleService-Info.plist"; sourceTree = "<group>"; };
/* End PBXFileReference section */

/* Begin PBXFrameworksBuildPhase section */
		BC4DAFEB2335794600AEC6F7 /* Frameworks */ = {
			isa = PBXFrameworksBuildPhase;
			buildActionMask = 2147483647;
			files = (
				BCDE134B236125C9006F6657 /* MapKit.framework in Frameworks */,
				8C0DBBE85E60F02E89467D6A /* Pods_iVacina.framework in Frameworks */,
			);
			runOnlyForDeploymentPostprocessing = 0;
		};
/* End PBXFrameworksBuildPhase section */

/* Begin PBXGroup section */
		1FDE34FE239D50BC0043D546 /* Extensions */ = {
			isa = PBXGroup;
			children = (
				1FDE34FF239D50FD0043D546 /* UserDefaultsExtension.swift */,
			);
			path = Extensions;
			sourceTree = "<group>";
		};
		B313066A86070179B25CE2A3 /* Frameworks */ = {
			isa = PBXGroup;
			children = (
				BCDE134A236125C9006F6657 /* MapKit.framework */,
				02481286E08E332928A0808E /* Pods_iVacina.framework */,
			);
			name = Frameworks;
			sourceTree = "<group>";
		};
		BC1D054F234E3F250063CADE /* Controller */ = {
			isa = PBXGroup;
			children = (
				4F90ABB9236134D700DC0941 /* HomeController.swift */,
				BC57172C23593E8300E60909 /* NewsController.swift */,
				1FAC8A3E2378D8F0008F9D4F /* MapsController.swift */,
				4F90ABBC2361356600DC0941 /* ProfileController.swift */,
				BC82FE3E238F4F010091327D /* LoginController.swift */,
				BC82FE40238F4F250091327D /* CadastroController.swift */,
				1FDE34FC239C0BDE0043D546 /* EsqueceuSenhaController.swift */,
			);
			path = Controller;
			sourceTree = "<group>";
		};
		BC1D0550234E3F2F0063CADE /* Login */ = {
			isa = PBXGroup;
			children = (
				BCDE133D2361241B006F6657 /* Login.storyboard */,
				BCDE133F2361241B006F6657 /* LoginViewController.swift */,
				BCDE133E2361241B006F6657 /* CadastroViewController.swift */,
				BCDE133C2361241B006F6657 /* EsqueceuSenhaViewController.swift */,
			);
			path = Login;
			sourceTree = "<group>";
		};
		BC1D0551234E3F370063CADE /* Model */ = {
			isa = PBXGroup;
			children = (
				BCDE473E23551AD5004F565A /* News.swift */,
				4F90ABB3236134B900DC0941 /* Pessoa.swift */,
				4F90ABB1236134B900DC0941 /* Vacina.swift */,
				1FAC8A402379A9C7008F9D4F /* MapsLocals.swift */,
			);
			path = Model;
			sourceTree = "<group>";
		};
		BC1D0552234E3F470063CADE /* View */ = {
			isa = PBXGroup;
			children = (
				BC4DAFF52335794700AEC6F7 /* Main.storyboard */,
				BC82FE49238F5AE80091327D /* MainViewController.swift */,
				BC4FB64E235F607400961466 /* Home */,
				BC1D0553234E3F660063CADE /* News */,
				BC1D0556234E3FAD0063CADE /* Maps */,
				BC1D0555234E3FA60063CADE /* Profile */,
				BC1D0550234E3F2F0063CADE /* Login */,
			);
			path = View;
			sourceTree = "<group>";
		};
		BC1D0553234E3F660063CADE /* News */ = {
			isa = PBXGroup;
			children = (
				BCEA0A6E235E95D600C33D1E /* News.storyboard */,
				BCDE473C23551AB0004F565A /* NewsViewController.swift */,
				BCDE474523551CC3004F565A /* DetailsOfNewsViewController.swift */,
				BC12EE84237B748E00B6A691 /* BaseViewController.swift */,
				BCDE474423551BB9004F565A /* Cells */,
			);
			path = News;
			sourceTree = "<group>";
		};
		BC1D0555234E3FA60063CADE /* Profile */ = {
			isa = PBXGroup;
			children = (
				BC4FB651235F610600961466 /* Profile.storyboard */,
				BC82FE34238C59620091327D /* ManageProfilesViewController.swift */,
				4F90ABBE2361359700DC0941 /* ProfileViewController.swift */,
				BC66A85523930AC000DE5457 /* GruposViewController.swift */,
				BC66A85723930AD900DE5457 /* TipoSanguineoViewController.swift */,
				BC010CCA239F0F7600FE7966 /* NavigationViewController.swift */,
				BC82FE43238F59060091327D /* Cells */,
			);
			path = Profile;
			sourceTree = "<group>";
		};
		BC1D0556234E3FAD0063CADE /* Maps */ = {
			isa = PBXGroup;
			children = (
				BCDE13452361249F006F6657 /* Maps.storyboard */,
				BCDE13442361249F006F6657 /* MapsViewController.swift */,
			);
			path = Maps;
			sourceTree = "<group>";
		};
		BC1D0557234E40290063CADE /* Supporting Files */ = {
			isa = PBXGroup;
			children = (
				BC4DAFFA2335794800AEC6F7 /* LaunchScreen.storyboard */,
				BC4DAFF82335794800AEC6F7 /* Assets.xcassets */,
				BC4DAFF12335794700AEC6F7 /* AppDelegate.swift */,
			);
			path = "Supporting Files";
			sourceTree = "<group>";
		};
		BC4DAFE52335794600AEC6F7 = {
			isa = PBXGroup;
			children = (
				BC4DAFF02335794600AEC6F7 /* iVacina */,
				BCEA0A3D235E160300C33D1E /* Info.plist */,
				BCFC76A3238377AD00AED3E6 /* GoogleService-Info.plist */,
				BC4DAFEF2335794600AEC6F7 /* Products */,
				C62FA9D35B1DF07AAA9B9D42 /* Pods */,
				B313066A86070179B25CE2A3 /* Frameworks */,
			);
			sourceTree = "<group>";
		};
		BC4DAFEF2335794600AEC6F7 /* Products */ = {
			isa = PBXGroup;
			children = (
				BC4DAFEE2335794600AEC6F7 /* iVacina.app */,
			);
			name = Products;
			sourceTree = "<group>";
		};
		BC4DAFF02335794600AEC6F7 /* iVacina */ = {
			isa = PBXGroup;
			children = (
				BC1D0551234E3F370063CADE /* Model */,
				BC1D0552234E3F470063CADE /* View */,
				BC1D054F234E3F250063CADE /* Controller */,
				BC82FE44238F597B0091327D /* Networking */,
				BC571723235922A400E60909 /* Helper */,
				BC1D0557234E40290063CADE /* Supporting Files */,
			);
			path = iVacina;
			sourceTree = "<group>";
		};
		BC4FB64E235F607400961466 /* Home */ = {
			isa = PBXGroup;
			children = (
				4F90ABC42361365000DC0941 /* Home.storyboard */,
				4F90ABA02361348500DC0941 /* HomeViewController.swift */,
				BC82FE42238F58BE0091327D /* Cells */,
			);
			path = Home;
			sourceTree = "<group>";
		};
		BC571723235922A400E60909 /* Helper */ = {
			isa = PBXGroup;
			children = (
				1FDE34FE239D50BC0043D546 /* Extensions */,
				BCA3252A237C823300151E44 /* Animation */,
				BCDE134823612516006F6657 /* Colors.swift */,
				BC5717262359236400E60909 /* Extensions.swift */,
				1FAB5366238DC10500C19B1F /* Alert.swift */,
				BC82FE36238DD36B0091327D /* TipoVacinasStrings.swift */,
			);
			path = Helper;
			sourceTree = "<group>";
		};
		BC82FE42238F58BE0091327D /* Cells */ = {
			isa = PBXGroup;
			children = (
				4F90ABA5236134A100DC0941 /* DadosMedicoTableViewCell.swift */,
				4F90ABA2236134A100DC0941 /* DadosMedicoTableViewCell.xib */,
				4F90ABA3236134A100DC0941 /* PessoaCollectionViewCell.swift */,
				4F90ABA4236134A100DC0941 /* StatusCustomCell.swift */,
				4F90ABA6236134A100DC0941 /* StatusCustomCell.xib */,
			);
			path = Cells;
			sourceTree = "<group>";
		};
		BC82FE43238F59060091327D /* Cells */ = {
			isa = PBXGroup;
			children = (
				4F90ABC02361359F00DC0941 /* CadastroVacinaCustomCell.swift */,
				4F90ABC12361359F00DC0941 /* CadastroVacinaCustomCell.xib */,
				BC5365B42391BDD6001F9822 /* OptionTableViewCell.swift */,
				BC5365B52391BDD6001F9822 /* OptionTableViewCell.xib */,
				BC1AF96F239B169900D027F5 /* PersonCollectionViewCell.swift */,
				BC1AF970239B169900D027F5 /* PersonCollectionViewCell.xib */,
			);
			path = Cells;
			sourceTree = "<group>";
		};
		BC82FE44238F597B0091327D /* Networking */ = {
			isa = PBXGroup;
			children = (
				BC82FE45238F59C10091327D /* HomeDataProvider.swift */,
				BC571724235922D900E60909 /* NewsDataProvider.swift */,
				1FAC8A3A23787E7F008F9D4F /* MapsDataProvider.swift */,
				BC82FE47238F59D00091327D /* ProfileDataProvider.swift */,
			);
			path = Networking;
			sourceTree = "<group>";
		};
		BCA3252A237C823300151E44 /* Animation */ = {
			isa = PBXGroup;
			children = (
				BCA3252B237C823300151E44 /* loading1.json */,
			);
			path = Animation;
			sourceTree = "<group>";
		};
		BCDE474423551BB9004F565A /* Cells */ = {
			isa = PBXGroup;
			children = (
				BC12EE88237B74EA00B6A691 /* NewsTableViewCell.swift */,
				BC12EE86237B74EA00B6A691 /* NewsTableViewCell.xib */,
				BC12EE87237B74EA00B6A691 /* News2TableViewCell.swift */,
				BC12EE89237B74EA00B6A691 /* News2TableViewCell.xib */,
			);
			path = Cells;
			sourceTree = "<group>";
		};
		C62FA9D35B1DF07AAA9B9D42 /* Pods */ = {
			isa = PBXGroup;
			children = (
				43389CBB95FE7534C77A42C9 /* Pods-iVacina.debug.xcconfig */,
				64D747EB49D9DAFB5069AC85 /* Pods-iVacina.release.xcconfig */,
			);
			path = Pods;
			sourceTree = "<group>";
		};
/* End PBXGroup section */

/* Begin PBXNativeTarget section */
		BC4DAFED2335794600AEC6F7 /* iVacina */ = {
			isa = PBXNativeTarget;
			buildConfigurationList = BC4DB0002335794800AEC6F7 /* Build configuration list for PBXNativeTarget "iVacina" */;
			buildPhases = (
				A39CEFF0EB0A2D9C30263335 /* [CP] Check Pods Manifest.lock */,
				BC4DAFEA2335794600AEC6F7 /* Sources */,
				BC4DAFEB2335794600AEC6F7 /* Frameworks */,
				BC4DAFEC2335794600AEC6F7 /* Resources */,
				66FC778B62BE44CCF0EBF5E8 /* [CP] Embed Pods Frameworks */,
			);
			buildRules = (
			);
			dependencies = (
			);
			name = iVacina;
			productName = iVacina;
			productReference = BC4DAFEE2335794600AEC6F7 /* iVacina.app */;
			productType = "com.apple.product-type.application";
		};
/* End PBXNativeTarget section */

/* Begin PBXProject section */
		BC4DAFE62335794600AEC6F7 /* Project object */ = {
			isa = PBXProject;
			attributes = {
				LastSwiftUpdateCheck = 1030;
				LastUpgradeCheck = 1030;
				ORGANIZATIONNAME = "Alan Silva";
				TargetAttributes = {
					BC4DAFED2335794600AEC6F7 = {
						CreatedOnToolsVersion = 10.3;
					};
				};
			};
			buildConfigurationList = BC4DAFE92335794600AEC6F7 /* Build configuration list for PBXProject "iVacina" */;
			compatibilityVersion = "Xcode 9.3";
			developmentRegion = en;
			hasScannedForEncodings = 0;
			knownRegions = (
				en,
				Base,
			);
			mainGroup = BC4DAFE52335794600AEC6F7;
			productRefGroup = BC4DAFEF2335794600AEC6F7 /* Products */;
			projectDirPath = "";
			projectRoot = "";
			targets = (
				BC4DAFED2335794600AEC6F7 /* iVacina */,
			);
		};
/* End PBXProject section */

/* Begin PBXResourcesBuildPhase section */
		BC4DAFEC2335794600AEC6F7 /* Resources */ = {
			isa = PBXResourcesBuildPhase;
			buildActionMask = 2147483647;
			files = (
				BC1AF972239B169900D027F5 /* PersonCollectionViewCell.xib in Resources */,
				BCA32527237C80BB00151E44 /* NewsTableViewCell.xib in Resources */,
				BCA32529237C80BB00151E44 /* News2TableViewCell.xib in Resources */,
				BCA3252C237C823300151E44 /* loading1.json in Resources */,
				BCA32525237C7D8000151E44 /* News.storyboard in Resources */,
				4F90ABC32361359F00DC0941 /* CadastroVacinaCustomCell.xib in Resources */,
				BC4DAFFC2335794800AEC6F7 /* LaunchScreen.storyboard in Resources */,
				BC4FB652235F610600961466 /* Profile.storyboard in Resources */,
				4F90ABC52361365000DC0941 /* Home.storyboard in Resources */,
				BC5365B72391BDD6001F9822 /* OptionTableViewCell.xib in Resources */,
				BC4DAFF92335794800AEC6F7 /* Assets.xcassets in Resources */,
				4F90ABAD236134A200DC0941 /* StatusCustomCell.xib in Resources */,
				BCFC76A4238377AD00AED3E6 /* GoogleService-Info.plist in Resources */,
				BC4DAFF72335794700AEC6F7 /* Main.storyboard in Resources */,
				4F90ABA9236134A200DC0941 /* DadosMedicoTableViewCell.xib in Resources */,
				BCDE13472361249F006F6657 /* Maps.storyboard in Resources */,
				BCDE13412361241B006F6657 /* Login.storyboard in Resources */,
			);
			runOnlyForDeploymentPostprocessing = 0;
		};
/* End PBXResourcesBuildPhase section */

/* Begin PBXShellScriptBuildPhase section */
		66FC778B62BE44CCF0EBF5E8 /* [CP] Embed Pods Frameworks */ = {
			isa = PBXShellScriptBuildPhase;
			buildActionMask = 2147483647;
			files = (
			);
			inputFileListPaths = (
				"${PODS_ROOT}/Target Support Files/Pods-iVacina/Pods-iVacina-frameworks-${CONFIGURATION}-input-files.xcfilelist",
			);
			name = "[CP] Embed Pods Frameworks";
			outputFileListPaths = (
				"${PODS_ROOT}/Target Support Files/Pods-iVacina/Pods-iVacina-frameworks-${CONFIGURATION}-output-files.xcfilelist",
			);
			runOnlyForDeploymentPostprocessing = 0;
			shellPath = /bin/sh;
			shellScript = "\"${PODS_ROOT}/Target Support Files/Pods-iVacina/Pods-iVacina-frameworks.sh\"\n";
			showEnvVarsInLog = 0;
		};
		A39CEFF0EB0A2D9C30263335 /* [CP] Check Pods Manifest.lock */ = {
			isa = PBXShellScriptBuildPhase;
			buildActionMask = 2147483647;
			files = (
			);
			inputFileListPaths = (
			);
			inputPaths = (
				"${PODS_PODFILE_DIR_PATH}/Podfile.lock",
				"${PODS_ROOT}/Manifest.lock",
			);
			name = "[CP] Check Pods Manifest.lock";
			outputFileListPaths = (
			);
			outputPaths = (
				"$(DERIVED_FILE_DIR)/Pods-iVacina-checkManifestLockResult.txt",
			);
			runOnlyForDeploymentPostprocessing = 0;
			shellPath = /bin/sh;
			shellScript = "diff \"${PODS_PODFILE_DIR_PATH}/Podfile.lock\" \"${PODS_ROOT}/Manifest.lock\" > /dev/null\nif [ $? != 0 ] ; then\n    # print error to STDERR\n    echo \"error: The sandbox is not in sync with the Podfile.lock. Run 'pod install' or update your CocoaPods installation.\" >&2\n    exit 1\nfi\n# This output is used by Xcode 'outputs' to avoid re-running this script phase.\necho \"SUCCESS\" > \"${SCRIPT_OUTPUT_FILE_0}\"\n";
			showEnvVarsInLog = 0;
		};
/* End PBXShellScriptBuildPhase section */

/* Begin PBXSourcesBuildPhase section */
		BC4DAFEA2335794600AEC6F7 /* Sources */ = {
			isa = PBXSourcesBuildPhase;
			buildActionMask = 2147483647;
			files = (
				BC1AF971239B169900D027F5 /* PersonCollectionViewCell.swift in Sources */,
				4F90ABBD2361356600DC0941 /* ProfileController.swift in Sources */,
				4F90ABB7236134B900DC0941 /* Pessoa.swift in Sources */,
				BC12EE8C237B74EA00B6A691 /* NewsTableViewCell.swift in Sources */,
				BCDE13462361249F006F6657 /* MapsViewController.swift in Sources */,
				4F90ABC22361359F00DC0941 /* CadastroVacinaCustomCell.swift in Sources */,
				BC82FE46238F59C10091327D /* HomeDataProvider.swift in Sources */,
				BCDE13432361241B006F6657 /* LoginViewController.swift in Sources */,
				BC12EE85237B748E00B6A691 /* BaseViewController.swift in Sources */,
				BCDE134923612516006F6657 /* Colors.swift in Sources */,
				1FDE34FD239C0BDE0043D546 /* EsqueceuSenhaController.swift in Sources */,
				BCDE473F23551AD5004F565A /* News.swift in Sources */,
				4F90ABB5236134B900DC0941 /* Vacina.swift in Sources */,
				4F90ABBF2361359700DC0941 /* ProfileViewController.swift in Sources */,
				BC82FE3F238F4F020091327D /* LoginController.swift in Sources */,
				4F90ABA12361348500DC0941 /* HomeViewController.swift in Sources */,
				BC57172D23593E8300E60909 /* NewsController.swift in Sources */,
				BC82FE4A238F5AE80091327D /* MainViewController.swift in Sources */,
				4F90ABAB236134A200DC0941 /* StatusCustomCell.swift in Sources */,
				BCDE474623551CC3004F565A /* DetailsOfNewsViewController.swift in Sources */,
				BCDE13402361241B006F6657 /* EsqueceuSenhaViewController.swift in Sources */,
				1FAC8A3B23787E7F008F9D4F /* MapsDataProvider.swift in Sources */,
				BC66A85623930AC000DE5457 /* GruposViewController.swift in Sources */,
				BC82FE41238F4F250091327D /* CadastroController.swift in Sources */,
				BC010CCB239F0F7600FE7966 /* NavigationViewController.swift in Sources */,
				4F90ABAC236134A200DC0941 /* DadosMedicoTableViewCell.swift in Sources */,
				1FAB5367238DC10500C19B1F /* Alert.swift in Sources */,
				BC12EE8B237B74EA00B6A691 /* News2TableViewCell.swift in Sources */,
				BC5717272359236400E60909 /* Extensions.swift in Sources */,
				BC571725235922D900E60909 /* NewsDataProvider.swift in Sources */,
				4F90ABAA236134A200DC0941 /* PessoaCollectionViewCell.swift in Sources */,
				4F90ABBB236134D700DC0941 /* HomeController.swift in Sources */,
				1FAC8A3F2378D8F0008F9D4F /* MapsController.swift in Sources */,
				BC82FE48238F59D00091327D /* ProfileDataProvider.swift in Sources */,
				BC82FE35238C59620091327D /* ManageProfilesViewController.swift in Sources */,
				BC5365B62391BDD6001F9822 /* OptionTableViewCell.swift in Sources */,
				BCDE473D23551AB0004F565A /* NewsViewController.swift in Sources */,
				1FDE3500239D50FD0043D546 /* UserDefaultsExtension.swift in Sources */,
				1FAC8A412379A9C7008F9D4F /* MapsLocals.swift in Sources */,
				BC66A85823930AD900DE5457 /* TipoSanguineoViewController.swift in Sources */,
				BC4DAFF22335794700AEC6F7 /* AppDelegate.swift in Sources */,
				BC82FE37238DD36B0091327D /* TipoVacinasStrings.swift in Sources */,
				BCDE13422361241B006F6657 /* CadastroViewController.swift in Sources */,
			);
			runOnlyForDeploymentPostprocessing = 0;
		};
/* End PBXSourcesBuildPhase section */

/* Begin PBXVariantGroup section */
		BC4DAFF52335794700AEC6F7 /* Main.storyboard */ = {
			isa = PBXVariantGroup;
			children = (
				BC4DAFF62335794700AEC6F7 /* Base */,
			);
			name = Main.storyboard;
			sourceTree = "<group>";
		};
		BC4DAFFA2335794800AEC6F7 /* LaunchScreen.storyboard */ = {
			isa = PBXVariantGroup;
			children = (
				BC4DAFFB2335794800AEC6F7 /* Base */,
			);
			name = LaunchScreen.storyboard;
			sourceTree = "<group>";
		};
/* End PBXVariantGroup section */

/* Begin XCBuildConfiguration section */
		BC4DAFFE2335794800AEC6F7 /* Debug */ = {
			isa = XCBuildConfiguration;
			buildSettings = {
				ALWAYS_SEARCH_USER_PATHS = NO;
				CLANG_ANALYZER_NONNULL = YES;
				CLANG_ANALYZER_NUMBER_OBJECT_CONVERSION = YES_AGGRESSIVE;
				CLANG_CXX_LANGUAGE_STANDARD = "gnu++14";
				CLANG_CXX_LIBRARY = "libc++";
				CLANG_ENABLE_MODULES = YES;
				CLANG_ENABLE_OBJC_ARC = YES;
				CLANG_ENABLE_OBJC_WEAK = YES;
				CLANG_WARN_BLOCK_CAPTURE_AUTORELEASING = YES;
				CLANG_WARN_BOOL_CONVERSION = YES;
				CLANG_WARN_COMMA = YES;
				CLANG_WARN_CONSTANT_CONVERSION = YES;
				CLANG_WARN_DEPRECATED_OBJC_IMPLEMENTATIONS = YES;
				CLANG_WARN_DIRECT_OBJC_ISA_USAGE = YES_ERROR;
				CLANG_WARN_DOCUMENTATION_COMMENTS = YES;
				CLANG_WARN_EMPTY_BODY = YES;
				CLANG_WARN_ENUM_CONVERSION = YES;
				CLANG_WARN_INFINITE_RECURSION = YES;
				CLANG_WARN_INT_CONVERSION = YES;
				CLANG_WARN_NON_LITERAL_NULL_CONVERSION = YES;
				CLANG_WARN_OBJC_IMPLICIT_RETAIN_SELF = YES;
				CLANG_WARN_OBJC_LITERAL_CONVERSION = YES;
				CLANG_WARN_OBJC_ROOT_CLASS = YES_ERROR;
				CLANG_WARN_RANGE_LOOP_ANALYSIS = YES;
				CLANG_WARN_STRICT_PROTOTYPES = YES;
				CLANG_WARN_SUSPICIOUS_MOVE = YES;
				CLANG_WARN_UNGUARDED_AVAILABILITY = YES_AGGRESSIVE;
				CLANG_WARN_UNREACHABLE_CODE = YES;
				CLANG_WARN__DUPLICATE_METHOD_MATCH = YES;
				CODE_SIGN_IDENTITY = "iPhone Developer";
				COPY_PHASE_STRIP = NO;
				DEBUG_INFORMATION_FORMAT = dwarf;
				ENABLE_STRICT_OBJC_MSGSEND = YES;
				ENABLE_TESTABILITY = YES;
				GCC_C_LANGUAGE_STANDARD = gnu11;
				GCC_DYNAMIC_NO_PIC = NO;
				GCC_NO_COMMON_BLOCKS = YES;
				GCC_OPTIMIZATION_LEVEL = 0;
				GCC_PREPROCESSOR_DEFINITIONS = (
					"DEBUG=1",
					"$(inherited)",
				);
				GCC_WARN_64_TO_32_BIT_CONVERSION = YES;
				GCC_WARN_ABOUT_RETURN_TYPE = YES_ERROR;
				GCC_WARN_UNDECLARED_SELECTOR = YES;
				GCC_WARN_UNINITIALIZED_AUTOS = YES_AGGRESSIVE;
				GCC_WARN_UNUSED_FUNCTION = YES;
				GCC_WARN_UNUSED_VARIABLE = YES;
				IPHONEOS_DEPLOYMENT_TARGET = 13.0;
				MTL_ENABLE_DEBUG_INFO = INCLUDE_SOURCE;
				MTL_FAST_MATH = YES;
				ONLY_ACTIVE_ARCH = YES;
				SDKROOT = iphoneos;
				SWIFT_ACTIVE_COMPILATION_CONDITIONS = DEBUG;
				SWIFT_OPTIMIZATION_LEVEL = "-Onone";
			};
			name = Debug;
		};
		BC4DAFFF2335794800AEC6F7 /* Release */ = {
			isa = XCBuildConfiguration;
			buildSettings = {
				ALWAYS_SEARCH_USER_PATHS = NO;
				CLANG_ANALYZER_NONNULL = YES;
				CLANG_ANALYZER_NUMBER_OBJECT_CONVERSION = YES_AGGRESSIVE;
				CLANG_CXX_LANGUAGE_STANDARD = "gnu++14";
				CLANG_CXX_LIBRARY = "libc++";
				CLANG_ENABLE_MODULES = YES;
				CLANG_ENABLE_OBJC_ARC = YES;
				CLANG_ENABLE_OBJC_WEAK = YES;
				CLANG_WARN_BLOCK_CAPTURE_AUTORELEASING = YES;
				CLANG_WARN_BOOL_CONVERSION = YES;
				CLANG_WARN_COMMA = YES;
				CLANG_WARN_CONSTANT_CONVERSION = YES;
				CLANG_WARN_DEPRECATED_OBJC_IMPLEMENTATIONS = YES;
				CLANG_WARN_DIRECT_OBJC_ISA_USAGE = YES_ERROR;
				CLANG_WARN_DOCUMENTATION_COMMENTS = YES;
				CLANG_WARN_EMPTY_BODY = YES;
				CLANG_WARN_ENUM_CONVERSION = YES;
				CLANG_WARN_INFINITE_RECURSION = YES;
				CLANG_WARN_INT_CONVERSION = YES;
				CLANG_WARN_NON_LITERAL_NULL_CONVERSION = YES;
				CLANG_WARN_OBJC_IMPLICIT_RETAIN_SELF = YES;
				CLANG_WARN_OBJC_LITERAL_CONVERSION = YES;
				CLANG_WARN_OBJC_ROOT_CLASS = YES_ERROR;
				CLANG_WARN_RANGE_LOOP_ANALYSIS = YES;
				CLANG_WARN_STRICT_PROTOTYPES = YES;
				CLANG_WARN_SUSPICIOUS_MOVE = YES;
				CLANG_WARN_UNGUARDED_AVAILABILITY = YES_AGGRESSIVE;
				CLANG_WARN_UNREACHABLE_CODE = YES;
				CLANG_WARN__DUPLICATE_METHOD_MATCH = YES;
				CODE_SIGN_IDENTITY = "iPhone Developer";
				COPY_PHASE_STRIP = NO;
				DEBUG_INFORMATION_FORMAT = "dwarf-with-dsym";
				ENABLE_NS_ASSERTIONS = NO;
				ENABLE_STRICT_OBJC_MSGSEND = YES;
				GCC_C_LANGUAGE_STANDARD = gnu11;
				GCC_NO_COMMON_BLOCKS = YES;
				GCC_WARN_64_TO_32_BIT_CONVERSION = YES;
				GCC_WARN_ABOUT_RETURN_TYPE = YES_ERROR;
				GCC_WARN_UNDECLARED_SELECTOR = YES;
				GCC_WARN_UNINITIALIZED_AUTOS = YES_AGGRESSIVE;
				GCC_WARN_UNUSED_FUNCTION = YES;
				GCC_WARN_UNUSED_VARIABLE = YES;
				IPHONEOS_DEPLOYMENT_TARGET = 13.0;
				MTL_ENABLE_DEBUG_INFO = NO;
				MTL_FAST_MATH = YES;
				SDKROOT = iphoneos;
				SWIFT_COMPILATION_MODE = wholemodule;
				SWIFT_OPTIMIZATION_LEVEL = "-O";
				VALIDATE_PRODUCT = YES;
			};
			name = Release;
		};
		BC4DB0012335794800AEC6F7 /* Debug */ = {
			isa = XCBuildConfiguration;
			baseConfigurationReference = 43389CBB95FE7534C77A42C9 /* Pods-iVacina.debug.xcconfig */;
			buildSettings = {
				ASSETCATALOG_COMPILER_APPICON_NAME = AppIcon;
				CODE_SIGN_IDENTITY = "Apple Development";
				CODE_SIGN_STYLE = Automatic;
				DEVELOPMENT_TEAM = VF7VYA94WY;
				INFOPLIST_FILE = iVacina/Info.plist;
				IPHONEOS_DEPLOYMENT_TARGET = 13.0;
				LD_RUNPATH_SEARCH_PATHS = (
					"$(inherited)",
					"@executable_path/Frameworks",
				);
				PRODUCT_BUNDLE_IDENTIFIER = "projeto-integrador0.iVacina";
				PRODUCT_NAME = "$(TARGET_NAME)";
				PROVISIONING_PROFILE_SPECIFIER = "";
				SWIFT_VERSION = 5.0;
				TARGETED_DEVICE_FAMILY = 1;
			};
			name = Debug;
		};
		BC4DB0022335794800AEC6F7 /* Release */ = {
			isa = XCBuildConfiguration;
			baseConfigurationReference = 64D747EB49D9DAFB5069AC85 /* Pods-iVacina.release.xcconfig */;
			buildSettings = {
				ASSETCATALOG_COMPILER_APPICON_NAME = AppIcon;
				CODE_SIGN_IDENTITY = "Apple Development";
				CODE_SIGN_STYLE = Automatic;
				DEVELOPMENT_TEAM = VF7VYA94WY;
				INFOPLIST_FILE = iVacina/Info.plist;
				IPHONEOS_DEPLOYMENT_TARGET = 13.0;
				LD_RUNPATH_SEARCH_PATHS = (
					"$(inherited)",
					"@executable_path/Frameworks",
				);
				PRODUCT_BUNDLE_IDENTIFIER = "projeto-integrador0.iVacina";
				PRODUCT_NAME = "$(TARGET_NAME)";
				PROVISIONING_PROFILE_SPECIFIER = "";
				SWIFT_VERSION = 5.0;
				TARGETED_DEVICE_FAMILY = 1;
			};
			name = Release;
		};
/* End XCBuildConfiguration section */

/* Begin XCConfigurationList section */
		BC4DAFE92335794600AEC6F7 /* Build configuration list for PBXProject "iVacina" */ = {
			isa = XCConfigurationList;
			buildConfigurations = (
				BC4DAFFE2335794800AEC6F7 /* Debug */,
				BC4DAFFF2335794800AEC6F7 /* Release */,
			);
			defaultConfigurationIsVisible = 0;
			defaultConfigurationName = Release;
		};
		BC4DB0002335794800AEC6F7 /* Build configuration list for PBXNativeTarget "iVacina" */ = {
			isa = XCConfigurationList;
			buildConfigurations = (
				BC4DB0012335794800AEC6F7 /* Debug */,
				BC4DB0022335794800AEC6F7 /* Release */,
			);
			defaultConfigurationIsVisible = 0;
			defaultConfigurationName = Release;
		};
/* End XCConfigurationList section */
	};
	rootObject = BC4DAFE62335794600AEC6F7 /* Project object */;
}
