// !$*UTF8*$!
{
	archiveVersion = 1;
	classes = {
	};
	objectVersion = 50;
	objects = {

/* Begin PBXBuildFile section */
		1F0803BB2359F7A4009676C1 /* Login.storyboard in Resources */ = {isa = PBXBuildFile; fileRef = 1F0803BA2359F7A4009676C1 /* Login.storyboard */; };
		1F0803BD2359FE09009676C1 /* LoginViewController.swift in Sources */ = {isa = PBXBuildFile; fileRef = 1F0803BC2359FE09009676C1 /* LoginViewController.swift */; };
		1F0803BF235A0982009676C1 /* CadastroViewController.swift in Sources */ = {isa = PBXBuildFile; fileRef = 1F0803BE235A0982009676C1 /* CadastroViewController.swift */; };
		1F0803C1235A1264009676C1 /* EsqueceuSenhaViewController.swift in Sources */ = {isa = PBXBuildFile; fileRef = 1F0803C0235A1264009676C1 /* EsqueceuSenhaViewController.swift */; };
		1F0803C3235A1B2F009676C1 /* Usuario.swift in Sources */ = {isa = PBXBuildFile; fileRef = 1F0803C2235A1B2F009676C1 /* Usuario.swift */; };
		1F0803C5235A3428009676C1 /* Maps.storyboard in Resources */ = {isa = PBXBuildFile; fileRef = 1F0803C4235A3428009676C1 /* Maps.storyboard */; };
		1F0803C7235A3444009676C1 /* MapsViewController.swift in Sources */ = {isa = PBXBuildFile; fileRef = 1F0803C6235A3444009676C1 /* MapsViewController.swift */; };
		1F0803CA235A34B0009676C1 /* MapKit.framework in Frameworks */ = {isa = PBXBuildFile; fileRef = 1F0803C9235A34B0009676C1 /* MapKit.framework */; };
		BC1D055D234E739C0063CADE /* UIViewExtension.swift in Sources */ = {isa = PBXBuildFile; fileRef = BC1D055C234E739C0063CADE /* UIViewExtension.swift */; };
		BC1D055F234E74820063CADE /* Colors.swift in Sources */ = {isa = PBXBuildFile; fileRef = BC1D055E234E74820063CADE /* Colors.swift */; };
		BC4DAFF22335794700AEC6F7 /* AppDelegate.swift in Sources */ = {isa = PBXBuildFile; fileRef = BC4DAFF12335794700AEC6F7 /* AppDelegate.swift */; };
		BC4DAFF42335794700AEC6F7 /* ViewController.swift in Sources */ = {isa = PBXBuildFile; fileRef = BC4DAFF32335794700AEC6F7 /* ViewController.swift */; };
		BC4DAFF72335794700AEC6F7 /* Main.storyboard in Resources */ = {isa = PBXBuildFile; fileRef = BC4DAFF52335794700AEC6F7 /* Main.storyboard */; };
		BC4DAFFC2335794800AEC6F7 /* LaunchScreen.storyboard in Resources */ = {isa = PBXBuildFile; fileRef = BC4DAFFA2335794800AEC6F7 /* LaunchScreen.storyboard */; };
		BCDE473D23551AB0004F565A /* NewsViewController.swift in Sources */ = {isa = PBXBuildFile; fileRef = BCDE473C23551AB0004F565A /* NewsViewController.swift */; };
		BCDE473F23551AD5004F565A /* News.swift in Sources */ = {isa = PBXBuildFile; fileRef = BCDE473E23551AD5004F565A /* News.swift */; };
		BCDE474223551BA3004F565A /* TableViewCell.swift in Sources */ = {isa = PBXBuildFile; fileRef = BCDE474023551BA3004F565A /* TableViewCell.swift */; };
		BCDE474323551BA3004F565A /* TableViewCell.xib in Resources */ = {isa = PBXBuildFile; fileRef = BCDE474123551BA3004F565A /* TableViewCell.xib */; };
		BCDE474623551CC3004F565A /* DetailsOfNewsViewController.swift in Sources */ = {isa = PBXBuildFile; fileRef = BCDE474523551CC3004F565A /* DetailsOfNewsViewController.swift */; };
/* End PBXBuildFile section */

/* Begin PBXFileReference section */
		1F0803BA2359F7A4009676C1 /* Login.storyboard */ = {isa = PBXFileReference; lastKnownFileType = file.storyboard; path = Login.storyboard; sourceTree = "<group>"; };
		1F0803BC2359FE09009676C1 /* LoginViewController.swift */ = {isa = PBXFileReference; lastKnownFileType = sourcecode.swift; path = LoginViewController.swift; sourceTree = "<group>"; };
		1F0803BE235A0982009676C1 /* CadastroViewController.swift */ = {isa = PBXFileReference; lastKnownFileType = sourcecode.swift; path = CadastroViewController.swift; sourceTree = "<group>"; };
		1F0803C0235A1264009676C1 /* EsqueceuSenhaViewController.swift */ = {isa = PBXFileReference; lastKnownFileType = sourcecode.swift; path = EsqueceuSenhaViewController.swift; sourceTree = "<group>"; };
		1F0803C2235A1B2F009676C1 /* Usuario.swift */ = {isa = PBXFileReference; lastKnownFileType = sourcecode.swift; path = Usuario.swift; sourceTree = "<group>"; };
		1F0803C4235A3428009676C1 /* Maps.storyboard */ = {isa = PBXFileReference; lastKnownFileType = file.storyboard; path = Maps.storyboard; sourceTree = "<group>"; };
		1F0803C6235A3444009676C1 /* MapsViewController.swift */ = {isa = PBXFileReference; lastKnownFileType = sourcecode.swift; path = MapsViewController.swift; sourceTree = "<group>"; };
		1F0803C9235A34B0009676C1 /* MapKit.framework */ = {isa = PBXFileReference; lastKnownFileType = wrapper.framework; name = MapKit.framework; path = System/Library/Frameworks/MapKit.framework; sourceTree = SDKROOT; };
		1F5EAD5C235A7C5500490E8C /* Info.plist */ = {isa = PBXFileReference; fileEncoding = 4; lastKnownFileType = text.plist.xml; name = Info.plist; path = iVacina/Info.plist; sourceTree = SOURCE_ROOT; };
		BC1D055C234E739C0063CADE /* UIViewExtension.swift */ = {isa = PBXFileReference; fileEncoding = 4; lastKnownFileType = sourcecode.swift; path = UIViewExtension.swift; sourceTree = "<group>"; };
		BC1D055E234E74820063CADE /* Colors.swift */ = {isa = PBXFileReference; fileEncoding = 4; lastKnownFileType = sourcecode.swift; path = Colors.swift; sourceTree = "<group>"; };
		BC4DAFEE2335794600AEC6F7 /* iVacina.app */ = {isa = PBXFileReference; explicitFileType = wrapper.application; includeInIndex = 0; path = iVacina.app; sourceTree = BUILT_PRODUCTS_DIR; };
		BC4DAFF12335794700AEC6F7 /* AppDelegate.swift */ = {isa = PBXFileReference; lastKnownFileType = sourcecode.swift; path = AppDelegate.swift; sourceTree = "<group>"; };
		BC4DAFF32335794700AEC6F7 /* ViewController.swift */ = {isa = PBXFileReference; lastKnownFileType = sourcecode.swift; path = ViewController.swift; sourceTree = "<group>"; };
		BC4DAFF62335794700AEC6F7 /* Base */ = {isa = PBXFileReference; lastKnownFileType = file.storyboard; name = Base; path = Base.lproj/Main.storyboard; sourceTree = "<group>"; };
		BC4DAFF82335794800AEC6F7 /* Assets.xcassets */ = {isa = PBXFileReference; lastKnownFileType = folder.assetcatalog; path = Assets.xcassets; sourceTree = "<group>"; };
		BC4DAFFB2335794800AEC6F7 /* Base */ = {isa = PBXFileReference; lastKnownFileType = file.storyboard; name = Base; path = Base.lproj/LaunchScreen.storyboard; sourceTree = "<group>"; };
		BCDE473C23551AB0004F565A /* NewsViewController.swift */ = {isa = PBXFileReference; lastKnownFileType = sourcecode.swift; path = NewsViewController.swift; sourceTree = "<group>"; };
		BCDE473E23551AD5004F565A /* News.swift */ = {isa = PBXFileReference; lastKnownFileType = sourcecode.swift; path = News.swift; sourceTree = "<group>"; };
		BCDE474023551BA3004F565A /* TableViewCell.swift */ = {isa = PBXFileReference; lastKnownFileType = sourcecode.swift; path = TableViewCell.swift; sourceTree = "<group>"; };
		BCDE474123551BA3004F565A /* TableViewCell.xib */ = {isa = PBXFileReference; lastKnownFileType = file.xib; path = TableViewCell.xib; sourceTree = "<group>"; };
		BCDE474523551CC3004F565A /* DetailsOfNewsViewController.swift */ = {isa = PBXFileReference; lastKnownFileType = sourcecode.swift; path = DetailsOfNewsViewController.swift; sourceTree = "<group>"; };
/* End PBXFileReference section */

/* Begin PBXFrameworksBuildPhase section */
		BC4DAFEB2335794600AEC6F7 /* Frameworks */ = {
			isa = PBXFrameworksBuildPhase;
			buildActionMask = 2147483647;
			files = (
				1F0803CA235A34B0009676C1 /* MapKit.framework in Frameworks */,
			);
			runOnlyForDeploymentPostprocessing = 0;
		};
/* End PBXFrameworksBuildPhase section */

/* Begin PBXGroup section */
		1F0803C8235A34B0009676C1 /* Frameworks */ = {
			isa = PBXGroup;
			children = (
				1F0803C9235A34B0009676C1 /* MapKit.framework */,
			);
			name = Frameworks;
			sourceTree = "<group>";
		};
		BC1D054F234E3F250063CADE /* Controller */ = {
			isa = PBXGroup;
			children = (
			);
			path = Controller;
			sourceTree = "<group>";
		};
		BC1D0550234E3F2F0063CADE /* Login */ = {
			isa = PBXGroup;
			children = (
				1F0803BA2359F7A4009676C1 /* Login.storyboard */,
				1F0803BC2359FE09009676C1 /* LoginViewController.swift */,
				1F0803BE235A0982009676C1 /* CadastroViewController.swift */,
				1F0803C0235A1264009676C1 /* EsqueceuSenhaViewController.swift */,
			);
			path = Login;
			sourceTree = "<group>";
		};
		BC1D0551234E3F370063CADE /* Model */ = {
			isa = PBXGroup;
			children = (
				BCDE473E23551AD5004F565A /* News.swift */,
				1F0803C2235A1B2F009676C1 /* Usuario.swift */,
			);
			path = Model;
			sourceTree = "<group>";
		};
		BC1D0552234E3F470063CADE /* View */ = {
			isa = PBXGroup;
			children = (
				BC4DAFF52335794700AEC6F7 /* Main.storyboard */,
				BC4DAFF32335794700AEC6F7 /* ViewController.swift */,
				BC1D0550234E3F2F0063CADE /* Login */,
				BC1D0554234E3F860063CADE /* Home */,
				BC1D0553234E3F660063CADE /* News */,
				BC1D0556234E3FAD0063CADE /* Maps */,
				BC1D0555234E3FA60063CADE /* Profile */,
			);
			path = View;
			sourceTree = "<group>";
		};
		BC1D0553234E3F660063CADE /* News */ = {
			isa = PBXGroup;
			children = (
				BCDE473C23551AB0004F565A /* NewsViewController.swift */,
				BCDE474523551CC3004F565A /* DetailsOfNewsViewController.swift */,
				BCDE474423551BB9004F565A /* Cells */,
			);
			path = News;
			sourceTree = "<group>";
		};
		BC1D0554234E3F860063CADE /* Home */ = {
			isa = PBXGroup;
			children = (
			);
			path = Home;
			sourceTree = "<group>";
		};
		BC1D0555234E3FA60063CADE /* Profile */ = {
			isa = PBXGroup;
			children = (
				BC1D055E234E74820063CADE /* Colors.swift */,
				BC1D055C234E739C0063CADE /* UIViewExtension.swift */,
				BC4DAFFA2335794800AEC6F7 /* LaunchScreen.storyboard */,
			);
			path = Profile;
			sourceTree = "<group>";
		};
		BC1D0556234E3FAD0063CADE /* Maps */ = {
			isa = PBXGroup;
			children = (
				1F0803C4235A3428009676C1 /* Maps.storyboard */,
				1F0803C6235A3444009676C1 /* MapsViewController.swift */,
			);
			path = Maps;
			sourceTree = "<group>";
		};
		BC1D0557234E40290063CADE /* Supporting Files */ = {
			isa = PBXGroup;
			children = (
				BC4DAFF82335794800AEC6F7 /* Assets.xcassets */,
				BC4DAFF12335794700AEC6F7 /* AppDelegate.swift */,
			);
			path = "Supporting Files";
			sourceTree = "<group>";
		};
		BC4DAFE52335794600AEC6F7 = {
			isa = PBXGroup;
			children = (
				BC4DAFF02335794600AEC6F7 /* iVacina */,
				BC4DAFEF2335794600AEC6F7 /* Products */,
				1F0803C8235A34B0009676C1 /* Frameworks */,
			);
			sourceTree = "<group>";
		};
		BC4DAFEF2335794600AEC6F7 /* Products */ = {
			isa = PBXGroup;
			children = (
				BC4DAFEE2335794600AEC6F7 /* iVacina.app */,
			);
			name = Products;
			sourceTree = "<group>";
		};
		BC4DAFF02335794600AEC6F7 /* iVacina */ = {
			isa = PBXGroup;
			children = (
				BC1D0551234E3F370063CADE /* Model */,
				BC1D0552234E3F470063CADE /* View */,
				BC1D054F234E3F250063CADE /* Controller */,
				1F5EAD5C235A7C5500490E8C /* Info.plist */,
				BC1D0557234E40290063CADE /* Supporting Files */,
			);
			path = iVacina;
			sourceTree = "<group>";
		};
		BCDE474423551BB9004F565A /* Cells */ = {
			isa = PBXGroup;
			children = (
				BCDE474023551BA3004F565A /* TableViewCell.swift */,
				BCDE474123551BA3004F565A /* TableViewCell.xib */,
			);
			path = Cells;
			sourceTree = "<group>";
		};
/* End PBXGroup section */

/* Begin PBXNativeTarget section */
		BC4DAFED2335794600AEC6F7 /* iVacina */ = {
			isa = PBXNativeTarget;
			buildConfigurationList = BC4DB0002335794800AEC6F7 /* Build configuration list for PBXNativeTarget "iVacina" */;
			buildPhases = (
				BC4DAFEA2335794600AEC6F7 /* Sources */,
				BC4DAFEB2335794600AEC6F7 /* Frameworks */,
				BC4DAFEC2335794600AEC6F7 /* Resources */,
			);
			buildRules = (
			);
			dependencies = (
			);
			name = iVacina;
			productName = iVacina;
			productReference = BC4DAFEE2335794600AEC6F7 /* iVacina.app */;
			productType = "com.apple.product-type.application";
		};
/* End PBXNativeTarget section */

/* Begin PBXProject section */
		BC4DAFE62335794600AEC6F7 /* Project object */ = {
			isa = PBXProject;
			attributes = {
				LastSwiftUpdateCheck = 1030;
				LastUpgradeCheck = 1030;
				ORGANIZATIONNAME = "Alan Silva";
				TargetAttributes = {
					BC4DAFED2335794600AEC6F7 = {
						CreatedOnToolsVersion = 10.3;
					};
				};
			};
			buildConfigurationList = BC4DAFE92335794600AEC6F7 /* Build configuration list for PBXProject "iVacina" */;
			compatibilityVersion = "Xcode 9.3";
			developmentRegion = en;
			hasScannedForEncodings = 0;
			knownRegions = (
				en,
				Base,
			);
			mainGroup = BC4DAFE52335794600AEC6F7;
			productRefGroup = BC4DAFEF2335794600AEC6F7 /* Products */;
			projectDirPath = "";
			projectRoot = "";
			targets = (
				BC4DAFED2335794600AEC6F7 /* iVacina */,
			);
		};
/* End PBXProject section */

/* Begin PBXResourcesBuildPhase section */
		BC4DAFEC2335794600AEC6F7 /* Resources */ = {
			isa = PBXResourcesBuildPhase;
			buildActionMask = 2147483647;
			files = (
				BC4DAFFC2335794800AEC6F7 /* LaunchScreen.storyboard in Resources */,
				1F0803C5235A3428009676C1 /* Maps.storyboard in Resources */,
				BCDE474323551BA3004F565A /* TableViewCell.xib in Resources */,
				1F0803BB2359F7A4009676C1 /* Login.storyboard in Resources */,
				BC4DAFF72335794700AEC6F7 /* Main.storyboard in Resources */,
			);
			runOnlyForDeploymentPostprocessing = 0;
		};
/* End PBXResourcesBuildPhase section */

/* Begin PBXSourcesBuildPhase section */
		BC4DAFEA2335794600AEC6F7 /* Sources */ = {
			isa = PBXSourcesBuildPhase;
			buildActionMask = 2147483647;
			files = (
				1F0803C7235A3444009676C1 /* MapsViewController.swift in Sources */,
				1F0803BD2359FE09009676C1 /* LoginViewController.swift in Sources */,
				BCDE473F23551AD5004F565A /* News.swift in Sources */,
				BCDE474623551CC3004F565A /* DetailsOfNewsViewController.swift in Sources */,
				1F0803BF235A0982009676C1 /* CadastroViewController.swift in Sources */,
				1F0803C1235A1264009676C1 /* EsqueceuSenhaViewController.swift in Sources */,
				BC4DAFF42335794700AEC6F7 /* ViewController.swift in Sources */,
				BC1D055F234E74820063CADE /* Colors.swift in Sources */,
				BC1D055D234E739C0063CADE /* UIViewExtension.swift in Sources */,
				1F0803C3235A1B2F009676C1 /* Usuario.swift in Sources */,
				BCDE473D23551AB0004F565A /* NewsViewController.swift in Sources */,
				BCDE474223551BA3004F565A /* TableViewCell.swift in Sources */,
				BC4DAFF22335794700AEC6F7 /* AppDelegate.swift in Sources */,
			);
			runOnlyForDeploymentPostprocessing = 0;
		};
/* End PBXSourcesBuildPhase section */

/* Begin PBXVariantGroup section */
		BC4DAFF52335794700AEC6F7 /* Main.storyboard */ = {
			isa = PBXVariantGroup;
			children = (
				BC4DAFF62335794700AEC6F7 /* Base */,
			);
			name = Main.storyboard;
			sourceTree = "<group>";
		};
		BC4DAFFA2335794800AEC6F7 /* LaunchScreen.storyboard */ = {
			isa = PBXVariantGroup;
			children = (
				BC4DAFFB2335794800AEC6F7 /* Base */,
			);
			name = LaunchScreen.storyboard;
			sourceTree = "<group>";
		};
/* End PBXVariantGroup section */

/* Begin XCBuildConfiguration section */
		BC4DAFFE2335794800AEC6F7 /* Debug */ = {
			isa = XCBuildConfiguration;
			buildSettings = {
				ALWAYS_SEARCH_USER_PATHS = NO;
				CLANG_ANALYZER_NONNULL = YES;
				CLANG_ANALYZER_NUMBER_OBJECT_CONVERSION = YES_AGGRESSIVE;
				CLANG_CXX_LANGUAGE_STANDARD = "gnu++14";
				CLANG_CXX_LIBRARY = "libc++";
				CLANG_ENABLE_MODULES = YES;
				CLANG_ENABLE_OBJC_ARC = YES;
				CLANG_ENABLE_OBJC_WEAK = YES;
				CLANG_WARN_BLOCK_CAPTURE_AUTORELEASING = YES;
				CLANG_WARN_BOOL_CONVERSION = YES;
				CLANG_WARN_COMMA = YES;
				CLANG_WARN_CONSTANT_CONVERSION = YES;
				CLANG_WARN_DEPRECATED_OBJC_IMPLEMENTATIONS = YES;
				CLANG_WARN_DIRECT_OBJC_ISA_USAGE = YES_ERROR;
				CLANG_WARN_DOCUMENTATION_COMMENTS = YES;
				CLANG_WARN_EMPTY_BODY = YES;
				CLANG_WARN_ENUM_CONVERSION = YES;
				CLANG_WARN_INFINITE_RECURSION = YES;
				CLANG_WARN_INT_CONVERSION = YES;
				CLANG_WARN_NON_LITERAL_NULL_CONVERSION = YES;
				CLANG_WARN_OBJC_IMPLICIT_RETAIN_SELF = YES;
				CLANG_WARN_OBJC_LITERAL_CONVERSION = YES;
				CLANG_WARN_OBJC_ROOT_CLASS = YES_ERROR;
				CLANG_WARN_RANGE_LOOP_ANALYSIS = YES;
				CLANG_WARN_STRICT_PROTOTYPES = YES;
				CLANG_WARN_SUSPICIOUS_MOVE = YES;
				CLANG_WARN_UNGUARDED_AVAILABILITY = YES_AGGRESSIVE;
				CLANG_WARN_UNREACHABLE_CODE = YES;
				CLANG_WARN__DUPLICATE_METHOD_MATCH = YES;
				CODE_SIGN_IDENTITY = "iPhone Developer";
				COPY_PHASE_STRIP = NO;
				DEBUG_INFORMATION_FORMAT = dwarf;
				ENABLE_STRICT_OBJC_MSGSEND = YES;
				ENABLE_TESTABILITY = YES;
				GCC_C_LANGUAGE_STANDARD = gnu11;
				GCC_DYNAMIC_NO_PIC = NO;
				GCC_NO_COMMON_BLOCKS = YES;
				GCC_OPTIMIZATION_LEVEL = 0;
				GCC_PREPROCESSOR_DEFINITIONS = (
					"DEBUG=1",
					"$(inherited)",
				);
				GCC_WARN_64_TO_32_BIT_CONVERSION = YES;
				GCC_WARN_ABOUT_RETURN_TYPE = YES_ERROR;
				GCC_WARN_UNDECLARED_SELECTOR = YES;
				GCC_WARN_UNINITIALIZED_AUTOS = YES_AGGRESSIVE;
				GCC_WARN_UNUSED_FUNCTION = YES;
				GCC_WARN_UNUSED_VARIABLE = YES;
				IPHONEOS_DEPLOYMENT_TARGET = 12.4;
				MTL_ENABLE_DEBUG_INFO = INCLUDE_SOURCE;
				MTL_FAST_MATH = YES;
				ONLY_ACTIVE_ARCH = YES;
				SDKROOT = iphoneos;
				SWIFT_ACTIVE_COMPILATION_CONDITIONS = DEBUG;
				SWIFT_OPTIMIZATION_LEVEL = "-Onone";
			};
			name = Debug;
		};
		BC4DAFFF2335794800AEC6F7 /* Release */ = {
			isa = XCBuildConfiguration;
			buildSettings = {
				ALWAYS_SEARCH_USER_PATHS = NO;
				CLANG_ANALYZER_NONNULL = YES;
				CLANG_ANALYZER_NUMBER_OBJECT_CONVERSION = YES_AGGRESSIVE;
				CLANG_CXX_LANGUAGE_STANDARD = "gnu++14";
				CLANG_CXX_LIBRARY = "libc++";
				CLANG_ENABLE_MODULES = YES;
				CLANG_ENABLE_OBJC_ARC = YES;
				CLANG_ENABLE_OBJC_WEAK = YES;
				CLANG_WARN_BLOCK_CAPTURE_AUTORELEASING = YES;
				CLANG_WARN_BOOL_CONVERSION = YES;
				CLANG_WARN_COMMA = YES;
				CLANG_WARN_CONSTANT_CONVERSION = YES;
				CLANG_WARN_DEPRECATED_OBJC_IMPLEMENTATIONS = YES;
				CLANG_WARN_DIRECT_OBJC_ISA_USAGE = YES_ERROR;
				CLANG_WARN_DOCUMENTATION_COMMENTS = YES;
				CLANG_WARN_EMPTY_BODY = YES;
				CLANG_WARN_ENUM_CONVERSION = YES;
				CLANG_WARN_INFINITE_RECURSION = YES;
				CLANG_WARN_INT_CONVERSION = YES;
				CLANG_WARN_NON_LITERAL_NULL_CONVERSION = YES;
				CLANG_WARN_OBJC_IMPLICIT_RETAIN_SELF = YES;
				CLANG_WARN_OBJC_LITERAL_CONVERSION = YES;
				CLANG_WARN_OBJC_ROOT_CLASS = YES_ERROR;
				CLANG_WARN_RANGE_LOOP_ANALYSIS = YES;
				CLANG_WARN_STRICT_PROTOTYPES = YES;
				CLANG_WARN_SUSPICIOUS_MOVE = YES;
				CLANG_WARN_UNGUARDED_AVAILABILITY = YES_AGGRESSIVE;
				CLANG_WARN_UNREACHABLE_CODE = YES;
				CLANG_WARN__DUPLICATE_METHOD_MATCH = YES;
				CODE_SIGN_IDENTITY = "iPhone Developer";
				COPY_PHASE_STRIP = NO;
				DEBUG_INFORMATION_FORMAT = "dwarf-with-dsym";
				ENABLE_NS_ASSERTIONS = NO;
				ENABLE_STRICT_OBJC_MSGSEND = YES;
				GCC_C_LANGUAGE_STANDARD = gnu11;
				GCC_NO_COMMON_BLOCKS = YES;
				GCC_WARN_64_TO_32_BIT_CONVERSION = YES;
				GCC_WARN_ABOUT_RETURN_TYPE = YES_ERROR;
				GCC_WARN_UNDECLARED_SELECTOR = YES;
				GCC_WARN_UNINITIALIZED_AUTOS = YES_AGGRESSIVE;
				GCC_WARN_UNUSED_FUNCTION = YES;
				GCC_WARN_UNUSED_VARIABLE = YES;
				IPHONEOS_DEPLOYMENT_TARGET = 12.4;
				MTL_ENABLE_DEBUG_INFO = NO;
				MTL_FAST_MATH = YES;
				SDKROOT = iphoneos;
				SWIFT_COMPILATION_MODE = wholemodule;
				SWIFT_OPTIMIZATION_LEVEL = "-O";
				VALIDATE_PRODUCT = YES;
			};
			name = Release;
		};
		BC4DB0012335794800AEC6F7 /* Debug */ = {
			isa = XCBuildConfiguration;
			buildSettings = {
				ASSETCATALOG_COMPILER_APPICON_NAME = AppIcon;
				CODE_SIGN_STYLE = Automatic;
				DEVELOPMENT_TEAM = VF7VYA94WY;
				INFOPLIST_FILE = iVacina/Info.plist;
				IPHONEOS_DEPLOYMENT_TARGET = 10.2;
				LD_RUNPATH_SEARCH_PATHS = (
					"$(inherited)",
					"@executable_path/Frameworks",
				);
				PRODUCT_BUNDLE_IDENTIFIER = br.com.abstec.iVacina;
				PRODUCT_NAME = "$(TARGET_NAME)";
				SWIFT_VERSION = 5.0;
				TARGETED_DEVICE_FAMILY = 1;
			};
			name = Debug;
		};
		BC4DB0022335794800AEC6F7 /* Release */ = {
			isa = XCBuildConfiguration;
			buildSettings = {
				ASSETCATALOG_COMPILER_APPICON_NAME = AppIcon;
				CODE_SIGN_STYLE = Automatic;
				DEVELOPMENT_TEAM = VF7VYA94WY;
				INFOPLIST_FILE = iVacina/Info.plist;
				IPHONEOS_DEPLOYMENT_TARGET = 10.2;
				LD_RUNPATH_SEARCH_PATHS = (
					"$(inherited)",
					"@executable_path/Frameworks",
				);
				PRODUCT_BUNDLE_IDENTIFIER = br.com.abstec.iVacina;
				PRODUCT_NAME = "$(TARGET_NAME)";
				SWIFT_VERSION = 5.0;
				TARGETED_DEVICE_FAMILY = 1;
			};
			name = Release;
		};
/* End XCBuildConfiguration section */

/* Begin XCConfigurationList section */
		BC4DAFE92335794600AEC6F7 /* Build configuration list for PBXProject "iVacina" */ = {
			isa = XCConfigurationList;
			buildConfigurations = (
				BC4DAFFE2335794800AEC6F7 /* Debug */,
				BC4DAFFF2335794800AEC6F7 /* Release */,
			);
			defaultConfigurationIsVisible = 0;
			defaultConfigurationName = Release;
		};
		BC4DB0002335794800AEC6F7 /* Build configuration list for PBXNativeTarget "iVacina" */ = {
			isa = XCConfigurationList;
			buildConfigurations = (
				BC4DB0012335794800AEC6F7 /* Debug */,
				BC4DB0022335794800AEC6F7 /* Release */,
			);
			defaultConfigurationIsVisible = 0;
			defaultConfigurationName = Release;
		};
/* End XCConfigurationList section */
	};
	rootObject = BC4DAFE62335794600AEC6F7 /* Project object */;
}
